
Microsoft Visual Studio Solution File, Format Version 12.00
# Visual Studio Version 17
VisualStudioVersion = 17.11.35222.181
MinimumVisualStudioVersion = 10.0.40219.1
Project("{FAE04EC0-301F-11D3-BF4B-00C04F79EFBC}") = "While15", "While15\While15.csproj", "{97CADEC0-47B2-4C17-8E21-5D1577A3341C}"
EndProject
Global
	GlobalSection(SolutionConfigurationPlatforms) = preSolution
		Debug|Any CPU = Debug|Any CPU
		Release|Any CPU = Release|Any CPU
	EndGlobalSection
	GlobalSection(ProjectConfigurationPlatforms) = postSolution
		{97CADEC0-47B2-4C17-8E21-5D1577A3341C}.Debug|Any CPU.ActiveCfg = Debug|Any CPU
		{97CADEC0-47B2-4C17-8E21-5D1577A3341C}.Debug|Any CPU.Build.0 = Debug|Any CPU
		{97CADEC0-47B2-4C17-8E21-5D1577A3341C}.Release|Any CPU.ActiveCfg = Release|Any CPU
		{97CADEC0-47B2-4C17-8E21-5D1577A3341C}.Release|Any CPU.Build.0 = Release|Any CPU
	EndGlobalSection
	GlobalSection(SolutionProperties) = preSolution
		HideSolutionNode = FALSE
	EndGlobalSection
	GlobalSection(ExtensibilityGlobals) = postSolution
		SolutionGuid = {BF47ECE9-A4EF-4944-8EC6-A15676B1D529}
	EndGlobalSection
EndGlobal
